clea{
  "requires": true,
  "lockfileVersion": 1,
  "dependencies": {
    "@aws-amplify/analytics": {
      "version": "1.2.12",
      "resolved": "https://registry.npmjs.org/@aws-amplify/analytics/-/analytics-1.2.12.tgz",
      "integrity": "sha512-/3+x7uwYChRPjahEa4/wlMRMvw+QEc45VS02OKPwneOZ976pGoORNPv57SxN0SyujZtX+Fv/45Di9ap3mOPRyA==",
      "requires": {
        "@aws-amplify/cache": "^1.0.24",
        "@aws-amplify/core": "^1.0.24",
        "uuid": "^3.2.1"
      }
    },
    "@aws-amplify/api": {
      "version": "1.0.30",
      "resolved": "https://registry.npmjs.org/@aws-amplify/api/-/api-1.0.30.tgz",
      "integrity": "sha512-/A7Zxnf3KKPvuoBUJcey3QOuVd1a1RrIp20HDvVBADHEw6Bn944nfSKPOErbcsX7Zyhzmdi8uao4vXgsX7Okkw==",
      "requires": {
        "@aws-amplify/auth": "^1.2.19",
        "@aws-amplify/cache": "^1.0.24",
        "@aws-amplify/core": "^1.0.24",
        "@types/zen-observable": "^0.5.3",
        "axios": "^0.17.0",
        "graphql": "0.13.0",
        "uuid": "^3.2.1",
        "zen-observable": "^0.8.6"
      }
    },
    "@aws-amplify/auth": {
      "version": "1.2.19",
      "resolved": "https://registry.npmjs.org/@aws-amplify/auth/-/auth-1.2.19.tgz",
      "integrity": "sha512-G2GM7vAMeun8dJkjuTZmrrCmaYjs2w2NRDn0mjosGzNrzjIE9u7LBHgPDM3yy6VHlR+lehLqqwQ5CaU6aPEUhg==",
      "requires": {
        "@aws-amplify/cache": "^1.0.24",
        "@aws-amplify/core": "^1.0.24",
        "amazon-cognito-auth-js": "^1.3.2",
        "amazon-cognito-identity-js": "^3.0.10"
      }
    },
    "@aws-amplify/cache": {
      "version": "1.0.24",
      "resolved": "https://registry.npmjs.org/@aws-amplify/cache/-/cache-1.0.24.tgz",
      "integrity": "sha512-8vgaq61YiPzM8/SvKx/sDrt5MQBXD6hcPCDaod8YscTOYqsPuw5O47kFSFQcHQ8Qy6zaD9oZC1ffa9KEQCAJhg==",
      "requires": {
        "@aws-amplify/core": "^1.0.24"
      }
    },
    "@aws-amplify/core": {
      "version": "1.0.24",
      "resolved": "https://registry.npmjs.org/@aws-amplify/core/-/core-1.0.24.tgz",
      "integrity": "sha512-nMJ6CExlzItHeu0KTZRJ91xoNB7qVDLQV6jlpoMT9I/P9HRo0E9SGgySfaagXrzBbFjyixyKPj8SyKY6COQuVw==",
      "requires": {
        "aws-sdk": "2.329.0",
        "url": "^0.11.0"
      }
    },
    "@aws-amplify/interactions": {
      "version": "1.0.27",
      "resolved": "https://registry.npmjs.org/@aws-amplify/interactions/-/interactions-1.0.27.tgz",
      "integrity": "sha512-ikjqjCEeJPYukSLdSdAcGWuOi5XJSx2fnHb2r7+t+LUi0WQ/GmY1bCWdclpRUkgy92v8hIjEMSUFd2GTeF54ng==",
      "requires": {
        "@aws-amplify/core": "^1.0.24"
      }
    },
    "@aws-amplify/pubsub": {
      "version": "1.0.25",
      "resolved": "https://registry.npmjs.org/@aws-amplify/pubsub/-/pubsub-1.0.25.tgz",
      "integrity": "sha512-SECInu3moTvmcePji9SKfkSjay6hTJO/olY81hqHtNak+OFwxVHEdDxUtSQ4r8dwUnHTW5jUXWCFFtsGfcX9gQ==",
      "requires": {
        "@aws-amplify/core": "^1.0.24",
        "@types/zen-observable": "^0.5.3",
        "uuid": "^3.2.1",
        "zen-observable": "^0.8.6"
      }
    },
    "@aws-amplify/storage": {
      "version": "1.0.27",
      "resolved": "https://registry.npmjs.org/@aws-amplify/storage/-/storage-1.0.27.tgz",
      "integrity": "sha512-JNoE50DnNBfI50AMGTj3uW2kKRbKECqc0d417Ol24u7j4ZqWz1D16DCT6+G8lFfxt5MMiNo91I0n+mZNVuDLGQ==",
      "requires": {
        "@aws-amplify/core": "^1.0.24"
      }
    },
    "@aws-amplify/ui": {
      "version": "1.0.18",
      "resolved": "https://registry.npmjs.org/@aws-amplify/ui/-/ui-1.0.18.tgz",
      "integrity": "sha512-4laTdA1Fu/r0wG8G5M1w7EWAtnH2kgqdAc6g13pVNPpVI53vTKwIJD76m9WHjcF8TKwrzSKoFu9HDml6MCoXCw=="
    },
    "@aws-amplify/xr": {
      "version": "0.1.14",
      "resolved": "https://registry.npmjs.org/@aws-amplify/xr/-/xr-0.1.14.tgz",
      "integrity": "sha512-nVg+GBiM9CjQipNfBC4Brrzgnnf/Ztr4xKKVwFBY7o0KDsIJ5Sk4Gk1bEiw5AXhRvaF9vRhLLtALZZArW1Vpag==",
      "requires": {
        "@aws-amplify/core": "^1.0.24"
      }
    },
    "@types/zen-observable": {
      "version": "0.5.4",
      "resolved": "https://registry.npmjs.org/@types/zen-observable/-/zen-observable-0.5.4.tgz",
      "integrity": "sha512-sW6xN96wUak4tgc89d0tbTg7QDGYhGv5hvQIS6h4mRCd8h2btiZ80loPU8cyLwsBbA4ZeQt0FjvUhJ4rNhdsGg=="
    },
    "amazon-cognito-auth-js": {
      "version": "1.3.2",
      "resolved": "https://registry.npmjs.org/amazon-cognito-auth-js/-/amazon-cognito-auth-js-1.3.2.tgz",
      "integrity": "sha512-XeCZN1QVGXN61PTTkgUrTm89/ukLQAZbOkJXFm9FSCtq1lVMmCKgxAuslMYh+IHmvJifIVypfvb6uiQl5EHCPg==",
      "requires": {
        "js-cookie": "^2.1.4"
      }
    },
    "amazon-cognito-identity-js": {
      "version": "3.0.10",
      "resolved": "https://registry.npmjs.org/amazon-cognito-identity-js/-/amazon-cognito-identity-js-3.0.10.tgz",
      "integrity": "sha512-J1AsmnUl0UULOBj8On5g5Iq4ZkGTULBuvZR6xeage5t56svEnkeNrAR6FXYylhgUdcsavq/JZTYpzZoICXZILg==",
      "requires": {
        "buffer": "4.9.1",
        "crypto-js": "^3.1.9-1",
        "js-cookie": "^2.1.4"
      }
    },
    "aws-amplify": {
      "version": "1.1.23",
      "resolved": "https://registry.npmjs.org/aws-amplify/-/aws-amplify-1.1.23.tgz",
      "integrity": "sha512-b2yfb6OtKoC6UcbXNmXk8oP4BRZRoX7WlWcYXK9WskDPiwA3Z7whphwTA90jrgBqexBuo7BJa32DnukJwB/mQw==",
      "requires": {
        "@aws-amplify/analytics": "^1.2.12",
        "@aws-amplify/api": "^1.0.30",
        "@aws-amplify/auth": "^1.2.19",
        "@aws-amplify/cache": "^1.0.24",
        "@aws-amplify/core": "^1.0.24",
        "@aws-amplify/interactions": "^1.0.27",
        "@aws-amplify/pubsub": "^1.0.25",
        "@aws-amplify/storage": "^1.0.27",
        "@aws-amplify/ui": "^1.0.18",
        "@aws-amplify/xr": "^0.1.14"
      }
    },
    "aws-sdk": {
      "version": "2.329.0",
      "resolved": "https://registry.npmjs.org/aws-sdk/-/aws-sdk-2.329.0.tgz",
      "integrity": "sha512-5yti9jyL6QL8CP5LGKX3uyrQcLAvLk6kyMZ749+F68IsutFKi0DaYxjxqx7lqWfzCSH3Z5REJ+XeywJLQ2tqfQ==",
      "requires": {
        "buffer": "4.9.1",
        "events": "1.1.1",
        "ieee754": "1.1.8",
        "jmespath": "0.15.0",
        "querystring": "0.2.0",
        "sax": "1.2.1",
        "url": "0.10.3",
        "uuid": "3.1.0",
        "xml2js": "0.4.19"
      },
      "dependencies": {
        "url": {
          "version": "0.10.3",
          "resolved": "https://registry.npmjs.org/url/-/url-0.10.3.tgz",
          "integrity": "sha1-Ah5NnHcF8hu/N9A861h2dAJ3TGQ=",
          "requires": {
            "punycode": "1.3.2",
            "querystring": "0.2.0"
          }
        },
        "uuid": {
          "version": "3.1.0",
          "resolved": "https://registry.npmjs.org/uuid/-/uuid-3.1.0.tgz",
          "integrity": "sha512-DIWtzUkw04M4k3bf1IcpS2tngXEL26YUD2M0tMDUpnUrz2hgzUBlD55a4FjdLGPvfHxS6uluGWvaVEqgBcVa+g=="
        }
      }
    },
    "axios": {
      "version": "0.17.1",
      "resolved": "https://registry.npmjs.org/axios/-/axios-0.17.1.tgz",
      "integrity": "sha1-LY4+XQvb1zJ/kbyBT1xXZg+Bgk0=",
      "requires": {
        "follow-redirects": "^1.2.5",
        "is-buffer": "^1.1.5"
      }
    },
    "base64-js": {
      "version": "1.3.0",
      "resolved": "https://registry.npmjs.org/base64-js/-/base64-js-1.3.0.tgz",
      "integrity": "sha512-ccav/yGvoa80BQDljCxsmmQ3Xvx60/UpBIij5QN21W3wBi/hhIC9OoO+KLpu9IJTS9j4DRVJ3aDDF9cMSoa2lw=="
    },
    "buffer": {
      "version": "4.9.1",
      "resolved": "https://registry.npmjs.org/buffer/-/buffer-4.9.1.tgz",
      "integrity": "sha1-bRu2AbB6TvztlwlBMgkwJ8lbwpg=",
      "requires": {
        "base64-js": "^1.0.2",
        "ieee754": "^1.1.4",
        "isarray": "^1.0.0"
      }
    },
    "crypto-js": {
      "version": "3.1.9-1",
      "resolved": "https://registry.npmjs.org/crypto-js/-/crypto-js-3.1.9-1.tgz",
      "integrity": "sha1-/aGedh/Ad+Af+/3G6f38WeiAbNg="
    },
    "debug": {
      "version": "3.2.6",
      "resolved": "https://registry.npmjs.org/debug/-/debug-3.2.6.tgz",
      "integrity": "sha512-mel+jf7nrtEl5Pn1Qx46zARXKDpBbvzezse7p7LqINmdoIk8PYP5SySaxEmYv6TZ0JyEKA1hsCId6DIhgITtWQ==",
      "requires": {
        "ms": "^2.1.1"
      }
    },
    "events": {
      "version": "1.1.1",
      "resolved": "https://registry.npmjs.org/events/-/events-1.1.1.tgz",
      "integrity": "sha1-nr23Y1rQmccNzEwqH1AEKI6L2SQ="
    },
    "follow-redirects": {
      "version": "1.7.0",
      "resolved": "https://registry.npmjs.org/follow-redirects/-/follow-redirects-1.7.0.tgz",
      "integrity": "sha512-m/pZQy4Gj287eNy94nivy5wchN3Kp+Q5WgUPNy5lJSZ3sgkVKSYV/ZChMAQVIgx1SqfZ2zBZtPA2YlXIWxxJOQ==",
      "requires": {
        "debug": "^3.2.6"
      }
    },
    "graphql": {
      "version": "0.13.0",
      "resolved": "https://registry.npmjs.org/graphql/-/graphql-0.13.0.tgz",
      "integrity": "sha512-WlO+ZJT9aY3YrBT+H5Kk+eVb3OVVehB9iRD/xqeHdmrrn4AFl5FIcOpfHz/vnBr6Y6JthGMlnFqU8XRnDjSR7A==",
      "requires": {
        "iterall": "1.1.x"
      }
    },
    "ieee754": {
      "version": "1.1.8",
      "resolved": "https://registry.npmjs.org/ieee754/-/ieee754-1.1.8.tgz",
      "integrity": "sha1-vjPUCsEO8ZJnAfbwii2G+/0a0+Q="
    },
    "is-buffer": {
      "version": "1.1.6",
      "resolved": "https://registry.npmjs.org/is-buffer/-/is-buffer-1.1.6.tgz",
      "integrity": "sha512-NcdALwpXkTm5Zvvbk7owOUSvVvBKDgKP5/ewfXEznmQFfs4ZRmanOeKBTjRVjka3QFoN6XJ+9F3USqfHqTaU5w=="
    },
    "isarray": {
      "version": "1.0.0",
      "resolved": "https://registry.npmjs.org/isarray/-/isarray-1.0.0.tgz",
      "integrity": "sha1-u5NdSFgsuhaMBoNJV6VKPgcSTxE="
    },
    "iterall": {
      "version": "1.1.4",
      "resolved": "https://registry.npmjs.org/iterall/-/iterall-1.1.4.tgz",
      "integrity": "sha512-eaDsM/PY8D/X5mYQhecVc5/9xvSHED7yPON+ffQroBeTuqUVm7dfphMkK8NksXuImqZlVRoKtrNfMIVCYIqaUQ=="
    },
    "jmespath": {
      "version": "0.15.0",
      "resolved": "https://registry.npmjs.org/jmespath/-/jmespath-0.15.0.tgz",
      "integrity": "sha1-o/Iiqarp+Wb10nx5ZRDigJF2Qhc="
    },
    "js-cookie": {
      "version": "2.2.0",
      "resolved": "https://registry.npmjs.org/js-cookie/-/js-cookie-2.2.0.tgz",
      "integrity": "sha1-Gywnmm7s44ChIWi5JIUmWzWx7/s="
    },
    "ms": {
      "version": "2.1.1",
      "resolved": "https://registry.npmjs.org/ms/-/ms-2.1.1.tgz",
      "integrity": "sha512-tgp+dl5cGk28utYktBsrFqA7HKgrhgPsg6Z/EfhWI4gl1Hwq8B/GmY/0oXZ6nF8hDVesS/FpnYaD/kOWhYQvyg=="
    },
    "punycode": {
      "version": "1.3.2",
      "resolved": "https://registry.npmjs.org/punycode/-/punycode-1.3.2.tgz",
      "integrity": "sha1-llOgNvt8HuQjQvIyXM7v6jkmxI0="
    },
    "querystring": {
      "version": "0.2.0",
      "resolved": "https://registry.npmjs.org/querystring/-/querystring-0.2.0.tgz",
      "integrity": "sha1-sgmEkgO7Jd+CDadW50cAWHhSFiA="
    },
    "sax": {
      "version": "1.2.1",
      "resolved": "https://registry.npmjs.org/sax/-/sax-1.2.1.tgz",
      "integrity": "sha1-e45lYZCyKOgaZq6nSEgNgozS03o="
    },
    "url": {
      "version": "0.11.0",
      "resolved": "https://registry.npmjs.org/url/-/url-0.11.0.tgz",
      "integrity": "sha1-ODjpfPxgUh63PFJajlW/3Z4uKPE=",
      "requires": {
        "punycode": "1.3.2",
        "querystring": "0.2.0"
      }
    },
    "uuid": {
      "version": "3.3.2",
      "resolved": "https://registry.npmjs.org/uuid/-/uuid-3.3.2.tgz",
      "integrity": "sha512-yXJmeNaw3DnnKAOKJE51sL/ZaYfWJRl1pK9dr19YFCu0ObS231AB1/LbqTKRAQ5kw8A90rA6fr4riOUpTZvQZA=="
    },
    "xml2js": {
      "version": "0.4.19",
      "resolved": "https://registry.npmjs.org/xml2js/-/xml2js-0.4.19.tgz",
      "integrity": "sha512-esZnJZJOiJR9wWKMyuvSE1y6Dq5LCuJanqhxslH2bxM6duahNZ+HMpCLhBQGZkbX6xRf8x1Y2eJlgt2q3qo49Q==",
      "requires": {
        "sax": ">=0.6.0",
        "xmlbuilder": "~9.0.1"
      }
    },
    "xmlbuilder": {
      "version": "9.0.7",
      "resolved": "https://registry.npmjs.org/xmlbuilder/-/xmlbuilder-9.0.7.tgz",
      "integrity": "sha1-Ey7mPS7FVlxVfiD0wi35rKaGsQ0="
    },
    "zen-observable": {
      "version": "0.8.13",
      "resolved": "https://registry.npmjs.org/zen-observable/-/zen-observable-0.8.13.tgz",
      "integrity": "sha512-fa+6aDUVvavYsefZw0zaZ/v3ckEtMgCFi30sn91SEZea4y/6jQp05E3omjkX91zV6RVdn15fqnFZ6RKjRGbp2g=="
    }
  }
}
